
Microsoft Visual Studio Solution File, Format Version 12.00
# Visual Studio Version 17
VisualStudioVersion = 17.1.32328.378
MinimumVisualStudioVersion = 10.0.40219.1
Project("{FAE04EC0-301F-11D3-BF4B-00C04F79EFBC}") = "Photon", "Photon.csproj", "{33673CBA-0C15-4DFF-85E9-50B2D114884D}"
EndProject
Global
	GlobalSection(SolutionConfigurationPlatforms) = preSolution
		Debug|Any CPU = Debug|Any CPU
		Release|Any CPU = Release|Any CPU
	EndGlobalSection
	GlobalSection(ProjectConfigurationPlatforms) = postSolution
		{33673CBA-0C15-4DFF-85E9-50B2D114884D}.Debug|Any CPU.ActiveCfg = Debug|Any CPU
		{33673CBA-0C15-4DFF-85E9-50B2D114884D}.Debug|Any CPU.Build.0 = Debug|Any CPU
		{33673CBA-0C15-4DFF-85E9-50B2D114884D}.Release|Any CPU.ActiveCfg = Release|Any CPU
		{33673CBA-0C15-4DFF-85E9-50B2D114884D}.Release|Any CPU.Build.0 = Release|Any CPU
	EndGlobalSection
	GlobalSection(SolutionProperties) = preSolution
		HideSolutionNode = FALSE
	EndGlobalSection
	GlobalSection(ExtensibilityGlobals) = postSolution
		SolutionGuid = {B8E87C2E-85F8-4EF6-8DE8-1C04A4708C71}
	EndGlobalSection
EndGlobal
